
Microsoft Visual Studio Solution File, Format Version 12.00
# Visual Studio Version 17
VisualStudioVersion = 17.3.32922.545
MinimumVisualStudioVersion = 10.0.40219.1
Project("{FAE04EC0-301F-11D3-BF4B-00C04F79EFBC}") = "Gerador de Remessa Cliente", "Gerador de Remessa Cliente\Gerador de Remessa Cliente.csproj", "{7CD3AF91-8061-47AB-A37D-EC87DEC57357}"
EndProject
Global
	GlobalSection(SolutionConfigurationPlatforms) = preSolution
		Debug|Any CPU = Debug|Any CPU
		Release|Any CPU = Release|Any CPU
	EndGlobalSection
	GlobalSection(ProjectConfigurationPlatforms) = postSolution
		{7CD3AF91-8061-47AB-A37D-EC87DEC57357}.Debug|Any CPU.ActiveCfg = Debug|Any CPU
		{7CD3AF91-8061-47AB-A37D-EC87DEC57357}.Debug|Any CPU.Build.0 = Debug|Any CPU
		{7CD3AF91-8061-47AB-A37D-EC87DEC57357}.Release|Any CPU.ActiveCfg = Release|Any CPU
		{7CD3AF91-8061-47AB-A37D-EC87DEC57357}.Release|Any CPU.Build.0 = Release|Any CPU
	EndGlobalSection
	GlobalSection(SolutionProperties) = preSolution
		HideSolutionNode = FALSE
	EndGlobalSection
	GlobalSection(ExtensibilityGlobals) = postSolution
		SolutionGuid = {822295C6-3143-466F-AE04-37C11A50EC46}
	EndGlobalSection
EndGlobal
